
Microsoft Visual Studio Solution File, Format Version 12.00
# Visual Studio 15
VisualStudioVersion = 15.0.26124.0
MinimumVisualStudioVersion = 15.0.26124.0
Project("{FAE04EC0-301F-11D3-BF4B-00C04F79EFBC}") = "Nez.Content", "Nez.Content\Nez.Content.csproj", "{AA865CF7-1DC9-4C2C-88E5-D88FBF341F8C}"
EndProject
Project("{FAE04EC0-301F-11D3-BF4B-00C04F79EFBC}") = "Nez", "Nez.Portable\Nez.csproj", "{2E208EE5-9441-4C09-B6EC-AB970C8D3F30}"
EndProject
Project("{FAE04EC0-301F-11D3-BF4B-00C04F79EFBC}") = "Nez.DefaultEC", "Nez.DefaultEC\Nez.DefaultEC.csproj", "{CDAEE580-DF84-4F7A-9E93-F9DC9DD27B6B}"
EndProject
Project("{FAE04EC0-301F-11D3-BF4B-00C04F79EFBC}") = "Nez.DefaultEC.ImGui", "Nez.DefaultEC.ImGui\Nez.DefaultEC.ImGui.csproj", "{D7A16849-C31A-4970-9C40-62A08A7E5FCD}"
EndProject
Global
	GlobalSection(SolutionConfigurationPlatforms) = preSolution
		Debug|Any CPU = Debug|Any CPU
		Debug|x64 = Debug|x64
		Debug|x86 = Debug|x86
		Release|Any CPU = Release|Any CPU
		Release|x64 = Release|x64
		Release|x86 = Release|x86
	EndGlobalSection
	GlobalSection(SolutionProperties) = preSolution
		HideSolutionNode = FALSE
	EndGlobalSection
	GlobalSection(ProjectConfigurationPlatforms) = postSolution
		{AA865CF7-1DC9-4C2C-88E5-D88FBF341F8C}.Debug|Any CPU.ActiveCfg = Debug|Any CPU
		{AA865CF7-1DC9-4C2C-88E5-D88FBF341F8C}.Debug|Any CPU.Build.0 = Debug|Any CPU
		{AA865CF7-1DC9-4C2C-88E5-D88FBF341F8C}.Debug|x64.ActiveCfg = Debug|Any CPU
		{AA865CF7-1DC9-4C2C-88E5-D88FBF341F8C}.Debug|x64.Build.0 = Debug|Any CPU
		{AA865CF7-1DC9-4C2C-88E5-D88FBF341F8C}.Debug|x86.ActiveCfg = Debug|Any CPU
		{AA865CF7-1DC9-4C2C-88E5-D88FBF341F8C}.Debug|x86.Build.0 = Debug|Any CPU
		{AA865CF7-1DC9-4C2C-88E5-D88FBF341F8C}.Release|Any CPU.ActiveCfg = Release|Any CPU
		{AA865CF7-1DC9-4C2C-88E5-D88FBF341F8C}.Release|Any CPU.Build.0 = Release|Any CPU
		{AA865CF7-1DC9-4C2C-88E5-D88FBF341F8C}.Release|x64.ActiveCfg = Release|Any CPU
		{AA865CF7-1DC9-4C2C-88E5-D88FBF341F8C}.Release|x64.Build.0 = Release|Any CPU
		{AA865CF7-1DC9-4C2C-88E5-D88FBF341F8C}.Release|x86.ActiveCfg = Release|Any CPU
		{AA865CF7-1DC9-4C2C-88E5-D88FBF341F8C}.Release|x86.Build.0 = Release|Any CPU
		{2E208EE5-9441-4C09-B6EC-AB970C8D3F30}.Debug|Any CPU.ActiveCfg = Debug|Any CPU
		{2E208EE5-9441-4C09-B6EC-AB970C8D3F30}.Debug|Any CPU.Build.0 = Debug|Any CPU
		{2E208EE5-9441-4C09-B6EC-AB970C8D3F30}.Debug|x64.ActiveCfg = Debug|Any CPU
		{2E208EE5-9441-4C09-B6EC-AB970C8D3F30}.Debug|x64.Build.0 = Debug|Any CPU
		{2E208EE5-9441-4C09-B6EC-AB970C8D3F30}.Debug|x86.ActiveCfg = Debug|Any CPU
		{2E208EE5-9441-4C09-B6EC-AB970C8D3F30}.Debug|x86.Build.0 = Debug|Any CPU
		{2E208EE5-9441-4C09-B6EC-AB970C8D3F30}.Release|Any CPU.ActiveCfg = Release|Any CPU
		{2E208EE5-9441-4C09-B6EC-AB970C8D3F30}.Release|Any CPU.Build.0 = Release|Any CPU
		{2E208EE5-9441-4C09-B6EC-AB970C8D3F30}.Release|x64.ActiveCfg = Release|Any CPU
		{2E208EE5-9441-4C09-B6EC-AB970C8D3F30}.Release|x64.Build.0 = Release|Any CPU
		{2E208EE5-9441-4C09-B6EC-AB970C8D3F30}.Release|x86.ActiveCfg = Release|Any CPU
		{2E208EE5-9441-4C09-B6EC-AB970C8D3F30}.Release|x86.Build.0 = Release|Any CPU
		{CDAEE580-DF84-4F7A-9E93-F9DC9DD27B6B}.Debug|Any CPU.ActiveCfg = Debug|Any CPU
		{CDAEE580-DF84-4F7A-9E93-F9DC9DD27B6B}.Debug|Any CPU.Build.0 = Debug|Any CPU
		{CDAEE580-DF84-4F7A-9E93-F9DC9DD27B6B}.Debug|x64.ActiveCfg = Debug|Any CPU
		{CDAEE580-DF84-4F7A-9E93-F9DC9DD27B6B}.Debug|x64.Build.0 = Debug|Any CPU
		{CDAEE580-DF84-4F7A-9E93-F9DC9DD27B6B}.Debug|x86.ActiveCfg = Debug|Any CPU
		{CDAEE580-DF84-4F7A-9E93-F9DC9DD27B6B}.Debug|x86.Build.0 = Debug|Any CPU
		{CDAEE580-DF84-4F7A-9E93-F9DC9DD27B6B}.Release|Any CPU.ActiveCfg = Release|Any CPU
		{CDAEE580-DF84-4F7A-9E93-F9DC9DD27B6B}.Release|Any CPU.Build.0 = Release|Any CPU
		{CDAEE580-DF84-4F7A-9E93-F9DC9DD27B6B}.Release|x64.ActiveCfg = Release|Any CPU
		{CDAEE580-DF84-4F7A-9E93-F9DC9DD27B6B}.Release|x64.Build.0 = Release|Any CPU
		{CDAEE580-DF84-4F7A-9E93-F9DC9DD27B6B}.Release|x86.ActiveCfg = Release|Any CPU
		{CDAEE580-DF84-4F7A-9E93-F9DC9DD27B6B}.Release|x86.Build.0 = Release|Any CPU
		{D7A16849-C31A-4970-9C40-62A08A7E5FCD}.Debug|Any CPU.ActiveCfg = Debug|Any CPU
		{D7A16849-C31A-4970-9C40-62A08A7E5FCD}.Debug|Any CPU.Build.0 = Debug|Any CPU
		{D7A16849-C31A-4970-9C40-62A08A7E5FCD}.Debug|x64.ActiveCfg = Debug|Any CPU
		{D7A16849-C31A-4970-9C40-62A08A7E5FCD}.Debug|x64.Build.0 = Debug|Any CPU
		{D7A16849-C31A-4970-9C40-62A08A7E5FCD}.Debug|x86.ActiveCfg = Debug|Any CPU
		{D7A16849-C31A-4970-9C40-62A08A7E5FCD}.Debug|x86.Build.0 = Debug|Any CPU
		{D7A16849-C31A-4970-9C40-62A08A7E5FCD}.Release|Any CPU.ActiveCfg = Release|Any CPU
		{D7A16849-C31A-4970-9C40-62A08A7E5FCD}.Release|Any CPU.Build.0 = Release|Any CPU
		{D7A16849-C31A-4970-9C40-62A08A7E5FCD}.Release|x64.ActiveCfg = Release|Any CPU
		{D7A16849-C31A-4970-9C40-62A08A7E5FCD}.Release|x64.Build.0 = Release|Any CPU
		{D7A16849-C31A-4970-9C40-62A08A7E5FCD}.Release|x86.ActiveCfg = Release|Any CPU
		{D7A16849-C31A-4970-9C40-62A08A7E5FCD}.Release|x86.Build.0 = Release|Any CPU
	EndGlobalSection
EndGlobal
